# Code generated by scarb DO NOT EDIT.
version = 1

[[package]]
name = "common"
version = "1.1.0"

[[package]]
name = "component_registry"
version = "1.2.1"
dependencies = [
 "common",
]

[[package]]
name = "dev_subscription"
version = "1.2.0"
dependencies = [
 "common",
]

[[package]]
name = "identity_registry"
version = "1.2.0"
dependencies = [
 "common",
]

[[package]]
name = "marketplace_subscription"
version = "1.2.0"
dependencies = [
 "common",
]
